{
  "nodes": {
    "nixpkgs": {
      "locked": {
        "lastModified": 1738009863,
        "narHash": "sha256-KxmFlQ2j9PpDhKRXWu85bv3R2wmfkUqdpJhEwz9JN/E=",
        "owner": "NixOS",
        "repo": "nixpkgs",
        "rev": "f898cbfddfab52593da301a397a17d0af801bbc3",
        "type": "github"
      },
      "original": {
        "owner": "NixOS",
        "ref": "nixpkgs-unstable",
        "repo": "nixpkgs",
        "type": "github"
      }
    },
    "root": {
      "inputs": {
        "nixpkgs": "nixpkgs"
      }
    }
  },
  "root": "root",
  "version": 7
}
