{
  "nodes": {
    "nixpkgs": {
      "locked": {
        "lastModified": 1734083684,
        "narHash": "sha256-5fNndbndxSx5d+C/D0p/VF32xDiJCJzyOqorOYW4JEo=",
        "owner": "NixOS",
        "repo": "nixpkgs",
        "rev": "314e12ba369ccdb9b352a4db26ff419f7c49fa84",
        "type": "github"
      },
      "original": {
        "owner": "NixOS",
        "ref": "nixos-24.11",
        "repo": "nixpkgs",
        "type": "github"
      }
    },
    "root": {
      "inputs": {
        "nixpkgs": "nixpkgs"
      }
    }
  },
  "root": "root",
  "version": 7
}
